
Microsoft Visual Studio Solution File, Format Version 12.00
# Visual Studio 14
VisualStudioVersion = 14.0.24720.0
MinimumVisualStudioVersion = 10.0.40219.1
Project("{FAE04EC0-301F-11D3-BF4B-00C04F79EFBC}") = "BuyTheShoe.App", "BuyTheShoe\BuyTheShoe.App.csproj", "{F8B2AD4B-7EAE-4AAB-85F1-6A85DFBE7355}"
EndProject
Project("{FAE04EC0-301F-11D3-BF4B-00C04F79EFBC}") = "BuyTheShoe.Model", "BuyTheShoe.Model\BuyTheShoe.Model.csproj", "{BCC8CE77-7E72-4F22-A040-1BD72ECC81CA}"
EndProject
Project("{FAE04EC0-301F-11D3-BF4B-00C04F79EFBC}") = "BuyTheShoe.DAL", "BuyTheShoe.DAL\BuyTheShoe.DAL.csproj", "{C7CD688A-8C60-4F22-8ABA-748FD4402BF4}"
EndProject
Global
	GlobalSection(SolutionConfigurationPlatforms) = preSolution
		Debug|Any CPU = Debug|Any CPU
		Release|Any CPU = Release|Any CPU
	EndGlobalSection
	GlobalSection(ProjectConfigurationPlatforms) = postSolution
		{F8B2AD4B-7EAE-4AAB-85F1-6A85DFBE7355}.Debug|Any CPU.ActiveCfg = Debug|Any CPU
		{F8B2AD4B-7EAE-4AAB-85F1-6A85DFBE7355}.Debug|Any CPU.Build.0 = Debug|Any CPU
		{F8B2AD4B-7EAE-4AAB-85F1-6A85DFBE7355}.Release|Any CPU.ActiveCfg = Release|Any CPU
		{F8B2AD4B-7EAE-4AAB-85F1-6A85DFBE7355}.Release|Any CPU.Build.0 = Release|Any CPU
		{BCC8CE77-7E72-4F22-A040-1BD72ECC81CA}.Debug|Any CPU.ActiveCfg = Debug|Any CPU
		{BCC8CE77-7E72-4F22-A040-1BD72ECC81CA}.Debug|Any CPU.Build.0 = Debug|Any CPU
		{BCC8CE77-7E72-4F22-A040-1BD72ECC81CA}.Release|Any CPU.ActiveCfg = Release|Any CPU
		{BCC8CE77-7E72-4F22-A040-1BD72ECC81CA}.Release|Any CPU.Build.0 = Release|Any CPU
		{C7CD688A-8C60-4F22-8ABA-748FD4402BF4}.Debug|Any CPU.ActiveCfg = Debug|Any CPU
		{C7CD688A-8C60-4F22-8ABA-748FD4402BF4}.Debug|Any CPU.Build.0 = Debug|Any CPU
		{C7CD688A-8C60-4F22-8ABA-748FD4402BF4}.Release|Any CPU.ActiveCfg = Release|Any CPU
		{C7CD688A-8C60-4F22-8ABA-748FD4402BF4}.Release|Any CPU.Build.0 = Release|Any CPU
	EndGlobalSection
	GlobalSection(SolutionProperties) = preSolution
		HideSolutionNode = FALSE
	EndGlobalSection
EndGlobal
